<?xml version="1.0" encoding="utf-8"?>
<Project ToolsVersion="4.0" xmlns="http://schemas.microsoft.com/developer/msbuild/2003">
  <ItemGroup>
    <ClCompile Include="CardsDriver.cpp" />
    <ClCompile Include="Cards.cpp" />
    <ClCompile Include="GameDriver.cpp" />
    <ClCompile Include="GameEngine.cpp" />
    <ClCompile Include="Map.cpp" />
    <ClCompile Include="MapDriver.cpp" />
    <ClCompile Include="MapLoader.cpp" />
    <ClCompile Include="MapLoaderDriver.cpp" />
    <ClCompile Include="Orders.cpp" />
    <ClCompile Include="OrdersDriver.cpp" />
    <ClCompile Include="Player.cpp" />
    <ClCompile Include="PlayerDriver.cpp" />
  </ItemGroup>
  <ItemGroup>
    <ClInclude Include="Cards.h" />
    <ClInclude Include="GameEngine.h" />
    <ClInclude Include="Map.h" />
    <ClInclude Include="MapLoader.h" />
    <ClInclude Include="Orders.h" />
    <ClInclude Include="Player.h" />
  </ItemGroup>
</Project>